# THIS IS AN AUTOGENERATED FILE. DO NOT EDIT THIS FILE DIRECTLY.
# yarn lockfile v1


ccxt@^1.31.62:
  version "1.31.62"
  resolved "https://registry.yarnpkg.com/ccxt/-/ccxt-1.31.62.tgz#c811efc9fe71d4e0bd893040ad187eb328f78f58"
  integrity sha512-EM1zVgaPIQrnzjvmFuNoo1oDOJ98NRZWewTnwZvnugMFFAXsJOj19bveXlZQvRu9FfCFbUCbe1KLZlFgr38J2w==

scientific-to-decimal@^1.1.1:
  version "1.1.1"
  resolved "https://registry.yarnpkg.com/scientific-to-decimal/-/scientific-to-decimal-1.1.1.tgz#8696c9142ae7eba5efdb0ae80ae12f73e3d331c7"
  integrity sha1-hpbJFCrn66Xv2wroCuEvc+PTMcc=
